
Microsoft Visual Studio Solution File, Format Version 12.00
# Visual Studio 15
VisualStudioVersion = 15.0.27004.2008
MinimumVisualStudioVersion = 10.0.40219.1
Project("{FAE04EC0-301F-11D3-BF4B-00C04F79EFBC}") = "Golf", "Golf\Golf.csproj", "{905E1C65-E08F-43C5-AE73-CD8BD44F27FA}"
EndProject
Global
	GlobalSection(SolutionConfigurationPlatforms) = preSolution
		Debug|Any CPU = Debug|Any CPU
		Release|Any CPU = Release|Any CPU
	EndGlobalSection
	GlobalSection(ProjectConfigurationPlatforms) = postSolution
		{905E1C65-E08F-43C5-AE73-CD8BD44F27FA}.Debug|Any CPU.ActiveCfg = Debug|Any CPU
		{905E1C65-E08F-43C5-AE73-CD8BD44F27FA}.Debug|Any CPU.Build.0 = Debug|Any CPU
		{905E1C65-E08F-43C5-AE73-CD8BD44F27FA}.Release|Any CPU.ActiveCfg = Release|Any CPU
		{905E1C65-E08F-43C5-AE73-CD8BD44F27FA}.Release|Any CPU.Build.0 = Release|Any CPU
	EndGlobalSection
	GlobalSection(SolutionProperties) = preSolution
		HideSolutionNode = FALSE
	EndGlobalSection
	GlobalSection(ExtensibilityGlobals) = postSolution
		SolutionGuid = {FB85E95C-3F34-45FE-8F65-21F5DC289991}
	EndGlobalSection
EndGlobal
